
Microsoft Visual Studio Solution File, Format Version 12.00
# Visual Studio 15
VisualStudioVersion = 15.0.26228.9
MinimumVisualStudioVersion = 10.0.40219.1
Project("{FAE04EC0-301F-11D3-BF4B-00C04F79EFBC}") = "View", "View\View.csproj", "{0964DAF6-C45F-42C7-B3C5-FF6F8BBFAA22}"
EndProject
Project("{FAE04EC0-301F-11D3-BF4B-00C04F79EFBC}") = "Model", "Model\Model.csproj", "{76849862-1553-4DFB-94F9-C5353F06366B}"
EndProject
Project("{FAE04EC0-301F-11D3-BF4B-00C04F79EFBC}") = "ViewModel", "ViewModel\ViewModel.csproj", "{F0D78BD0-8B1B-4F5E-92C7-2CFF90441174}"
EndProject
Global
	GlobalSection(SolutionConfigurationPlatforms) = preSolution
		Debug|Any CPU = Debug|Any CPU
		Debug|ARM = Debug|ARM
		Debug|x64 = Debug|x64
		Debug|x86 = Debug|x86
		Release|Any CPU = Release|Any CPU
		Release|ARM = Release|ARM
		Release|x64 = Release|x64
		Release|x86 = Release|x86
	EndGlobalSection
	GlobalSection(ProjectConfigurationPlatforms) = postSolution
		{0964DAF6-C45F-42C7-B3C5-FF6F8BBFAA22}.Debug|Any CPU.ActiveCfg = Debug|Any CPU
		{0964DAF6-C45F-42C7-B3C5-FF6F8BBFAA22}.Debug|Any CPU.Build.0 = Debug|Any CPU
		{0964DAF6-C45F-42C7-B3C5-FF6F8BBFAA22}.Debug|ARM.ActiveCfg = Debug|Any CPU
		{0964DAF6-C45F-42C7-B3C5-FF6F8BBFAA22}.Debug|ARM.Build.0 = Debug|Any CPU
		{0964DAF6-C45F-42C7-B3C5-FF6F8BBFAA22}.Debug|x64.ActiveCfg = Debug|Any CPU
		{0964DAF6-C45F-42C7-B3C5-FF6F8BBFAA22}.Debug|x64.Build.0 = Debug|Any CPU
		{0964DAF6-C45F-42C7-B3C5-FF6F8BBFAA22}.Debug|x86.ActiveCfg = Debug|Any CPU
		{0964DAF6-C45F-42C7-B3C5-FF6F8BBFAA22}.Debug|x86.Build.0 = Debug|Any CPU
		{0964DAF6-C45F-42C7-B3C5-FF6F8BBFAA22}.Release|Any CPU.ActiveCfg = Release|Any CPU
		{0964DAF6-C45F-42C7-B3C5-FF6F8BBFAA22}.Release|Any CPU.Build.0 = Release|Any CPU
		{0964DAF6-C45F-42C7-B3C5-FF6F8BBFAA22}.Release|ARM.ActiveCfg = Release|Any CPU
		{0964DAF6-C45F-42C7-B3C5-FF6F8BBFAA22}.Release|ARM.Build.0 = Release|Any CPU
		{0964DAF6-C45F-42C7-B3C5-FF6F8BBFAA22}.Release|x64.ActiveCfg = Release|Any CPU
		{0964DAF6-C45F-42C7-B3C5-FF6F8BBFAA22}.Release|x64.Build.0 = Release|Any CPU
		{0964DAF6-C45F-42C7-B3C5-FF6F8BBFAA22}.Release|x86.ActiveCfg = Release|Any CPU
		{0964DAF6-C45F-42C7-B3C5-FF6F8BBFAA22}.Release|x86.Build.0 = Release|Any CPU
		{76849862-1553-4DFB-94F9-C5353F06366B}.Debug|Any CPU.ActiveCfg = Debug|Any CPU
		{76849862-1553-4DFB-94F9-C5353F06366B}.Debug|Any CPU.Build.0 = Debug|Any CPU
		{76849862-1553-4DFB-94F9-C5353F06366B}.Debug|ARM.ActiveCfg = Debug|Any CPU
		{76849862-1553-4DFB-94F9-C5353F06366B}.Debug|ARM.Build.0 = Debug|Any CPU
		{76849862-1553-4DFB-94F9-C5353F06366B}.Debug|x64.ActiveCfg = Debug|Any CPU
		{76849862-1553-4DFB-94F9-C5353F06366B}.Debug|x64.Build.0 = Debug|Any CPU
		{76849862-1553-4DFB-94F9-C5353F06366B}.Debug|x86.ActiveCfg = Debug|Any CPU
		{76849862-1553-4DFB-94F9-C5353F06366B}.Debug|x86.Build.0 = Debug|Any CPU
		{76849862-1553-4DFB-94F9-C5353F06366B}.Release|Any CPU.ActiveCfg = Release|Any CPU
		{76849862-1553-4DFB-94F9-C5353F06366B}.Release|Any CPU.Build.0 = Release|Any CPU
		{76849862-1553-4DFB-94F9-C5353F06366B}.Release|ARM.ActiveCfg = Release|Any CPU
		{76849862-1553-4DFB-94F9-C5353F06366B}.Release|ARM.Build.0 = Release|Any CPU
		{76849862-1553-4DFB-94F9-C5353F06366B}.Release|x64.ActiveCfg = Release|Any CPU
		{76849862-1553-4DFB-94F9-C5353F06366B}.Release|x64.Build.0 = Release|Any CPU
		{76849862-1553-4DFB-94F9-C5353F06366B}.Release|x86.ActiveCfg = Release|Any CPU
		{76849862-1553-4DFB-94F9-C5353F06366B}.Release|x86.Build.0 = Release|Any CPU
		{F0D78BD0-8B1B-4F5E-92C7-2CFF90441174}.Debug|Any CPU.ActiveCfg = Debug|Any CPU
		{F0D78BD0-8B1B-4F5E-92C7-2CFF90441174}.Debug|Any CPU.Build.0 = Debug|Any CPU
		{F0D78BD0-8B1B-4F5E-92C7-2CFF90441174}.Debug|ARM.ActiveCfg = Debug|Any CPU
		{F0D78BD0-8B1B-4F5E-92C7-2CFF90441174}.Debug|ARM.Build.0 = Debug|Any CPU
		{F0D78BD0-8B1B-4F5E-92C7-2CFF90441174}.Debug|x64.ActiveCfg = Debug|Any CPU
		{F0D78BD0-8B1B-4F5E-92C7-2CFF90441174}.Debug|x64.Build.0 = Debug|Any CPU
		{F0D78BD0-8B1B-4F5E-92C7-2CFF90441174}.Debug|x86.ActiveCfg = Debug|Any CPU
		{F0D78BD0-8B1B-4F5E-92C7-2CFF90441174}.Debug|x86.Build.0 = Debug|Any CPU
		{F0D78BD0-8B1B-4F5E-92C7-2CFF90441174}.Release|Any CPU.ActiveCfg = Release|Any CPU
		{F0D78BD0-8B1B-4F5E-92C7-2CFF90441174}.Release|Any CPU.Build.0 = Release|Any CPU
		{F0D78BD0-8B1B-4F5E-92C7-2CFF90441174}.Release|ARM.ActiveCfg = Release|Any CPU
		{F0D78BD0-8B1B-4F5E-92C7-2CFF90441174}.Release|ARM.Build.0 = Release|Any CPU
		{F0D78BD0-8B1B-4F5E-92C7-2CFF90441174}.Release|x64.ActiveCfg = Release|Any CPU
		{F0D78BD0-8B1B-4F5E-92C7-2CFF90441174}.Release|x64.Build.0 = Release|Any CPU
		{F0D78BD0-8B1B-4F5E-92C7-2CFF90441174}.Release|x86.ActiveCfg = Release|Any CPU
		{F0D78BD0-8B1B-4F5E-92C7-2CFF90441174}.Release|x86.Build.0 = Release|Any CPU
	EndGlobalSection
	GlobalSection(SolutionProperties) = preSolution
		HideSolutionNode = FALSE
	EndGlobalSection
EndGlobal
